{
  "originHash" : "12adfceb7b353f0bb9e8b24f48c0fb23857c1a08affbb1a94c12d64ea5691134",
  "pins" : [
    {
      "identity" : "alamofire",
      "kind" : "remoteSourceControl",
      "location" : "https://github.com/Alamofire/Alamofire.git",
      "state" : {
        "revision" : "7be73f6c2b5cd90e40798b06ebd5da8f9f79cf88",
        "version" : "5.11.0"
      }
    },
    {
      "identity" : "kakao-ios-sdk",
      "kind" : "remoteSourceControl",
      "location" : "https://github.com/kakao/kakao-ios-sdk",
      "state" : {
        "branch" : "master",
        "revision" : "5978979157a5a0521c9c56fd0156aec794caa21c"
      }
    },
    {
      "identity" : "naveridlogin-sdk-ios-swift",
      "kind" : "remoteSourceControl",
      "location" : "https://github.com/naver/naveridlogin-sdk-ios-swift",
      "state" : {
        "revision" : "ad8dc5c0e373720b4688f54a259e131c4e2988bf",
        "version" : "5.0.0"
      }
    }
  ],
  "version" : 3
}
